
Microsoft Visual Studio Solution File, Format Version 12.00
# Visual Studio Version 16
VisualStudioVersion = 16.0.31702.278
MinimumVisualStudioVersion = 10.0.40219.1
Project("{9A19103F-16F7-4668-BE54-9A1E7A4F7556}") = "USerRegistration", "USerRegistration\USerRegistration.csproj", "{BDF366AD-ACD4-4A01-827D-2048AA3F01D9}"
EndProject
Global
	GlobalSection(SolutionConfigurationPlatforms) = preSolution
		Debug|Any CPU = Debug|Any CPU
		Release|Any CPU = Release|Any CPU
	EndGlobalSection
	GlobalSection(ProjectConfigurationPlatforms) = postSolution
		{BDF366AD-ACD4-4A01-827D-2048AA3F01D9}.Debug|Any CPU.ActiveCfg = Debug|Any CPU
		{BDF366AD-ACD4-4A01-827D-2048AA3F01D9}.Debug|Any CPU.Build.0 = Debug|Any CPU
		{BDF366AD-ACD4-4A01-827D-2048AA3F01D9}.Release|Any CPU.ActiveCfg = Release|Any CPU
		{BDF366AD-ACD4-4A01-827D-2048AA3F01D9}.Release|Any CPU.Build.0 = Release|Any CPU
	EndGlobalSection
	GlobalSection(SolutionProperties) = preSolution
		HideSolutionNode = FALSE
	EndGlobalSection
	GlobalSection(ExtensibilityGlobals) = postSolution
		SolutionGuid = {CFF3C57A-C5A6-4B3B-875B-0B25484B6930}
	EndGlobalSection
EndGlobal
